// !$*UTF8*$!
{
	archiveVersion = 1;
	classes = {
	};
	objectVersion = 46;
	objects = {

/* Begin PBXBuildFile section */
		104D85CD1F6FEF88007BB1FE /* AppDelegate.swift in Sources */ = {isa = PBXBuildFile; fileRef = 104D85CC1F6FEF88007BB1FE /* AppDelegate.swift */; };
		104D85CF1F6FEF88007BB1FE /* ViewController.swift in Sources */ = {isa = PBXBuildFile; fileRef = 104D85CE1F6FEF88007BB1FE /* ViewController.swift */; };
		104D85D21F6FEF88007BB1FE /* Main.storyboard in Resources */ = {isa = PBXBuildFile; fileRef = 104D85D01F6FEF88007BB1FE /* Main.storyboard */; };
		104D85D41F6FEF88007BB1FE /* Assets.xcassets in Resources */ = {isa = PBXBuildFile; fileRef = 104D85D31F6FEF88007BB1FE /* Assets.xcassets */; };
		104D85D71F6FEF88007BB1FE /* LaunchScreen.storyboard in Resources */ = {isa = PBXBuildFile; fileRef = 104D85D51F6FEF88007BB1FE /* LaunchScreen.storyboard */; };
		104D85E21F6FEF89007BB1FE /* Todo_AppTests.swift in Sources */ = {isa = PBXBuildFile; fileRef = 104D85E11F6FEF89007BB1FE /* Todo_AppTests.swift */; };
		104D85ED1F6FEF8A007BB1FE /* Todo_AppUITests.swift in Sources */ = {isa = PBXBuildFile; fileRef = 104D85EC1F6FEF8A007BB1FE /* Todo_AppUITests.swift */; };
/* End PBXBuildFile section */

/* Begin PBXContainerItemProxy section */
		104D85DE1F6FEF89007BB1FE /* PBXContainerItemProxy */ = {
			isa = PBXContainerItemProxy;
			containerPortal = 104D85C11F6FEF88007BB1FE /* Project object */;
			proxyType = 1;
			remoteGlobalIDString = 104D85C81F6FEF88007BB1FE;
			remoteInfo = "Todo-App";
		};
		104D85E91F6FEF89007BB1FE /* PBXContainerItemProxy */ = {
			isa = PBXContainerItemProxy;
			containerPortal = 104D85C11F6FEF88007BB1FE /* Project object */;
			proxyType = 1;
			remoteGlobalIDString = 104D85C81F6FEF88007BB1FE;
			remoteInfo = "Todo-App";
		};
/* End PBXContainerItemProxy section */

/* Begin PBXFileReference section */
		104D85C91F6FEF88007BB1FE /* Todo-App.app */ = {isa = PBXFileReference; explicitFileType = wrapper.application; includeInIndex = 0; path = "Todo-App.app"; sourceTree = BUILT_PRODUCTS_DIR; };
		104D85CC1F6FEF88007BB1FE /* AppDelegate.swift */ = {isa = PBXFileReference; lastKnownFileType = sourcecode.swift; path = AppDelegate.swift; sourceTree = "<group>"; };
		104D85CE1F6FEF88007BB1FE /* ViewController.swift */ = {isa = PBXFileReference; lastKnownFileType = sourcecode.swift; path = ViewController.swift; sourceTree = "<group>"; };
		104D85D11F6FEF88007BB1FE /* Base */ = {isa = PBXFileReference; lastKnownFileType = file.storyboard; name = Base; path = Base.lproj/Main.storyboard; sourceTree = "<group>"; };
		104D85D31F6FEF88007BB1FE /* Assets.xcassets */ = {isa = PBXFileReference; lastKnownFileType = folder.assetcatalog; path = Assets.xcassets; sourceTree = "<group>"; };
		104D85D61F6FEF88007BB1FE /* Base */ = {isa = PBXFileReference; lastKnownFileType = file.storyboard; name = Base; path = Base.lproj/LaunchScreen.storyboard; sourceTree = "<group>"; };
		104D85D81F6FEF88007BB1FE /* Info.plist */ = {isa = PBXFileReference; lastKnownFileType = text.plist.xml; path = Info.plist; sourceTree = "<group>"; };
		104D85DD1F6FEF89007BB1FE /* Todo-AppTests.xctest */ = {isa = PBXFileReference; explicitFileType = wrapper.cfbundle; includeInIndex = 0; path = "Todo-AppTests.xctest"; sourceTree = BUILT_PRODUCTS_DIR; };
		104D85E11F6FEF89007BB1FE /* Todo_AppTests.swift */ = {isa = PBXFileReference; lastKnownFileType = sourcecode.swift; path = Todo_AppTests.swift; sourceTree = "<group>"; };
		104D85E31F6FEF89007BB1FE /* Info.plist */ = {isa = PBXFileReference; lastKnownFileType = text.plist.xml; path = Info.plist; sourceTree = "<group>"; };
		104D85E81F6FEF89007BB1FE /* Todo-AppUITests.xctest */ = {isa = PBXFileReference; explicitFileType = wrapper.cfbundle; includeInIndex = 0; path = "Todo-AppUITests.xctest"; sourceTree = BUILT_PRODUCTS_DIR; };
		104D85EC1F6FEF8A007BB1FE /* Todo_AppUITests.swift */ = {isa = PBXFileReference; lastKnownFileType = sourcecode.swift; path = Todo_AppUITests.swift; sourceTree = "<group>"; };
		104D85EE1F6FEF8A007BB1FE /* Info.plist */ = {isa = PBXFileReference; lastKnownFileType = text.plist.xml; path = Info.plist; sourceTree = "<group>"; };
/* End PBXFileReference section */

/* Begin PBXFrameworksBuildPhase section */
		104D85C61F6FEF88007BB1FE /* Frameworks */ = {
			isa = PBXFrameworksBuildPhase;
			buildActionMask = 2147483647;
			files = (
			);
			runOnlyForDeploymentPostprocessing = 0;
		};
		104D85DA1F6FEF89007BB1FE /* Frameworks */ = {
			isa = PBXFrameworksBuildPhase;
			buildActionMask = 2147483647;
			files = (
			);
			runOnlyForDeploymentPostprocessing = 0;
		};
		104D85E51F6FEF89007BB1FE /* Frameworks */ = {
			isa = PBXFrameworksBuildPhase;
			buildActionMask = 2147483647;
			files = (
			);
			runOnlyForDeploymentPostprocessing = 0;
		};
/* End PBXFrameworksBuildPhase section */

/* Begin PBXGroup section */
		104D85C01F6FEF88007BB1FE = {
			isa = PBXGroup;
			children = (
				104D85CB1F6FEF88007BB1FE /* Todo-App */,
				104D85E01F6FEF89007BB1FE /* Todo-AppTests */,
				104D85EB1F6FEF89007BB1FE /* Todo-AppUITests */,
				104D85CA1F6FEF88007BB1FE /* Products */,
			);
			sourceTree = "<group>";
		};
		104D85CA1F6FEF88007BB1FE /* Products */ = {
			isa = PBXGroup;
			children = (
				104D85C91F6FEF88007BB1FE /* Todo-App.app */,
				104D85DD1F6FEF89007BB1FE /* Todo-AppTests.xctest */,
				104D85E81F6FEF89007BB1FE /* Todo-AppUITests.xctest */,
			);
			name = Products;
			sourceTree = "<group>";
		};
		104D85CB1F6FEF88007BB1FE /* Todo-App */ = {
			isa = PBXGroup;
			children = (
				104D85CC1F6FEF88007BB1FE /* AppDelegate.swift */,
				104D85CE1F6FEF88007BB1FE /* ViewController.swift */,
				104D85D01F6FEF88007BB1FE /* Main.storyboard */,
				104D85D31F6FEF88007BB1FE /* Assets.xcassets */,
				104D85D51F6FEF88007BB1FE /* LaunchScreen.storyboard */,
				104D85D81F6FEF88007BB1FE /* Info.plist */,
			);
			path = "Todo-App";
			sourceTree = "<group>";
		};
		104D85E01F6FEF89007BB1FE /* Todo-AppTests */ = {
			isa = PBXGroup;
			children = (
				104D85E11F6FEF89007BB1FE /* Todo_AppTests.swift */,
				104D85E31F6FEF89007BB1FE /* Info.plist */,
			);
			path = "Todo-AppTests";
			sourceTree = "<group>";
		};
		104D85EB1F6FEF89007BB1FE /* Todo-AppUITests */ = {
			isa = PBXGroup;
			children = (
				104D85EC1F6FEF8A007BB1FE /* Todo_AppUITests.swift */,
				104D85EE1F6FEF8A007BB1FE /* Info.plist */,
			);
			path = "Todo-AppUITests";
			sourceTree = "<group>";
		};
/* End PBXGroup section */

/* Begin PBXNativeTarget section */
		104D85C81F6FEF88007BB1FE /* Todo-App */ = {
			isa = PBXNativeTarget;
			buildConfigurationList = 104D85F11F6FEF8A007BB1FE /* Build configuration list for PBXNativeTarget "Todo-App" */;
			buildPhases = (
				104D85C51F6FEF88007BB1FE /* Sources */,
				104D85C61F6FEF88007BB1FE /* Frameworks */,
				104D85C71F6FEF88007BB1FE /* Resources */,
			);
			buildRules = (
			);
			dependencies = (
			);
			name = "Todo-App";
			productName = "Todo-App";
			productReference = 104D85C91F6FEF88007BB1FE /* Todo-App.app */;
			productType = "com.apple.product-type.application";
		};
		104D85DC1F6FEF89007BB1FE /* Todo-AppTests */ = {
			isa = PBXNativeTarget;
			buildConfigurationList = 104D85F41F6FEF8A007BB1FE /* Build configuration list for PBXNativeTarget "Todo-AppTests" */;
			buildPhases = (
				104D85D91F6FEF89007BB1FE /* Sources */,
				104D85DA1F6FEF89007BB1FE /* Frameworks */,
				104D85DB1F6FEF89007BB1FE /* Resources */,
			);
			buildRules = (
			);
			dependencies = (
				104D85DF1F6FEF89007BB1FE /* PBXTargetDependency */,
			);
			name = "Todo-AppTests";
			productName = "Todo-AppTests";
			productReference = 104D85DD1F6FEF89007BB1FE /* Todo-AppTests.xctest */;
			productType = "com.apple.product-type.bundle.unit-test";
		};
		104D85E71F6FEF89007BB1FE /* Todo-AppUITests */ = {
			isa = PBXNativeTarget;
			buildConfigurationList = 104D85F71F6FEF8A007BB1FE /* Build configuration list for PBXNativeTarget "Todo-AppUITests" */;
			buildPhases = (
				104D85E41F6FEF89007BB1FE /* Sources */,
				104D85E51F6FEF89007BB1FE /* Frameworks */,
				104D85E61F6FEF89007BB1FE /* Resources */,
			);
			buildRules = (
			);
			dependencies = (
				104D85EA1F6FEF89007BB1FE /* PBXTargetDependency */,
			);
			name = "Todo-AppUITests";
			productName = "Todo-AppUITests";
			productReference = 104D85E81F6FEF89007BB1FE /* Todo-AppUITests.xctest */;
			productType = "com.apple.product-type.bundle.ui-testing";
		};
/* End PBXNativeTarget section */

/* Begin PBXProject section */
		104D85C11F6FEF88007BB1FE /* Project object */ = {
			isa = PBXProject;
			attributes = {
				LastSwiftUpdateCheck = 0830;
				LastUpgradeCheck = 0830;
				ORGANIZATIONNAME = Superdev;
				TargetAttributes = {
					104D85C81F6FEF88007BB1FE = {
						CreatedOnToolsVersion = 8.3.3;
						ProvisioningStyle = Automatic;
					};
					104D85DC1F6FEF89007BB1FE = {
						CreatedOnToolsVersion = 8.3.3;
						ProvisioningStyle = Automatic;
						TestTargetID = 104D85C81F6FEF88007BB1FE;
					};
					104D85E71F6FEF89007BB1FE = {
						CreatedOnToolsVersion = 8.3.3;
						ProvisioningStyle = Automatic;
						TestTargetID = 104D85C81F6FEF88007BB1FE;
					};
				};
			};
			buildConfigurationList = 104D85C41F6FEF88007BB1FE /* Build configuration list for PBXProject "Todo-App" */;
			compatibilityVersion = "Xcode 3.2";
			developmentRegion = English;
			hasScannedForEncodings = 0;
			knownRegions = (
				en,
				Base,
			);
			mainGroup = 104D85C01F6FEF88007BB1FE;
			productRefGroup = 104D85CA1F6FEF88007BB1FE /* Products */;
			projectDirPath = "";
			projectRoot = "";
			targets = (
				104D85C81F6FEF88007BB1FE /* Todo-App */,
				104D85DC1F6FEF89007BB1FE /* Todo-AppTests */,
				104D85E71F6FEF89007BB1FE /* Todo-AppUITests */,
			);
		};
/* End PBXProject section */

/* Begin PBXResourcesBuildPhase section */
		104D85C71F6FEF88007BB1FE /* Resources */ = {
			isa = PBXResourcesBuildPhase;
			buildActionMask = 2147483647;
			files = (
				104D85D71F6FEF88007BB1FE /* LaunchScreen.storyboard in Resources */,
				104D85D41F6FEF88007BB1FE /* Assets.xcassets in Resources */,
				104D85D21F6FEF88007BB1FE /* Main.storyboard in Resources */,
			);
			runOnlyForDeploymentPostprocessing = 0;
		};
		104D85DB1F6FEF89007BB1FE /* Resources */ = {
			isa = PBXResourcesBuildPhase;
			buildActionMask = 2147483647;
			files = (
			);
			runOnlyForDeploymentPostprocessing = 0;
		};
		104D85E61F6FEF89007BB1FE /* Resources */ = {
			isa = PBXResourcesBuildPhase;
			buildActionMask = 2147483647;
			files = (
			);
			runOnlyForDeploymentPostprocessing = 0;
		};
/* End PBXResourcesBuildPhase section */

/* Begin PBXSourcesBuildPhase section */
		104D85C51F6FEF88007BB1FE /* Sources */ = {
			isa = PBXSourcesBuildPhase;
			buildActionMask = 2147483647;
			files = (
				104D85CF1F6FEF88007BB1FE /* ViewController.swift in Sources */,
				104D85CD1F6FEF88007BB1FE /* AppDelegate.swift in Sources */,
			);
			runOnlyForDeploymentPostprocessing = 0;
		};
		104D85D91F6FEF89007BB1FE /* Sources */ = {
			isa = PBXSourcesBuildPhase;
			buildActionMask = 2147483647;
			files = (
				104D85E21F6FEF89007BB1FE /* Todo_AppTests.swift in Sources */,
			);
			runOnlyForDeploymentPostprocessing = 0;
		};
		104D85E41F6FEF89007BB1FE /* Sources */ = {
			isa = PBXSourcesBuildPhase;
			buildActionMask = 2147483647;
			files = (
				104D85ED1F6FEF8A007BB1FE /* Todo_AppUITests.swift in Sources */,
			);
			runOnlyForDeploymentPostprocessing = 0;
		};
/* End PBXSourcesBuildPhase section */

/* Begin PBXTargetDependency section */
		104D85DF1F6FEF89007BB1FE /* PBXTargetDependency */ = {
			isa = PBXTargetDependency;
			target = 104D85C81F6FEF88007BB1FE /* Todo-App */;
			targetProxy = 104D85DE1F6FEF89007BB1FE /* PBXContainerItemProxy */;
		};
		104D85EA1F6FEF89007BB1FE /* PBXTargetDependency */ = {
			isa = PBXTargetDependency;
			target = 104D85C81F6FEF88007BB1FE /* Todo-App */;
			targetProxy = 104D85E91F6FEF89007BB1FE /* PBXContainerItemProxy */;
		};
/* End PBXTargetDependency section */

/* Begin PBXVariantGroup section */
		104D85D01F6FEF88007BB1FE /* Main.storyboard */ = {
			isa = PBXVariantGroup;
			children = (
				104D85D11F6FEF88007BB1FE /* Base */,
			);
			name = Main.storyboard;
			sourceTree = "<group>";
		};
		104D85D51F6FEF88007BB1FE /* LaunchScreen.storyboard */ = {
			isa = PBXVariantGroup;
			children = (
				104D85D61F6FEF88007BB1FE /* Base */,
			);
			name = LaunchScreen.storyboard;
			sourceTree = "<group>";
		};
/* End PBXVariantGroup section */

/* Begin XCBuildConfiguration section */
		104D85EF1F6FEF8A007BB1FE /* Debug */ = {
			isa = XCBuildConfiguration;
			buildSettings = {
				ALWAYS_SEARCH_USER_PATHS = NO;
				CLANG_ANALYZER_NONNULL = YES;
				CLANG_ANALYZER_NUMBER_OBJECT_CONVERSION = YES_AGGRESSIVE;
				CLANG_CXX_LANGUAGE_STANDARD = "gnu++0x";
				CLANG_CXX_LIBRARY = "libc++";
				CLANG_ENABLE_MODULES = YES;
				CLANG_ENABLE_OBJC_ARC = YES;
				CLANG_WARN_BOOL_CONVERSION = YES;
				CLANG_WARN_CONSTANT_CONVERSION = YES;
				CLANG_WARN_DIRECT_OBJC_ISA_USAGE = YES_ERROR;
				CLANG_WARN_DOCUMENTATION_COMMENTS = YES;
				CLANG_WARN_EMPTY_BODY = YES;
				CLANG_WARN_ENUM_CONVERSION = YES;
				CLANG_WARN_INFINITE_RECURSION = YES;
				CLANG_WARN_INT_CONVERSION = YES;
				CLANG_WARN_OBJC_ROOT_CLASS = YES_ERROR;
				CLANG_WARN_SUSPICIOUS_MOVE = YES;
				CLANG_WARN_UNREACHABLE_CODE = YES;
				CLANG_WARN__DUPLICATE_METHOD_MATCH = YES;
				"CODE_SIGN_IDENTITY[sdk=iphoneos*]" = "iPhone Developer";
				COPY_PHASE_STRIP = NO;
				DEBUG_INFORMATION_FORMAT = dwarf;
				ENABLE_STRICT_OBJC_MSGSEND = YES;
				ENABLE_TESTABILITY = YES;
				GCC_C_LANGUAGE_STANDARD = gnu99;
				GCC_DYNAMIC_NO_PIC = NO;
				GCC_NO_COMMON_BLOCKS = YES;
				GCC_OPTIMIZATION_LEVEL = 0;
				GCC_PREPROCESSOR_DEFINITIONS = (
					"DEBUG=1",
					"$(inherited)",
				);
				GCC_WARN_64_TO_32_BIT_CONVERSION = YES;
				GCC_WARN_ABOUT_RETURN_TYPE = YES_ERROR;
				GCC_WARN_UNDECLARED_SELECTOR = YES;
				GCC_WARN_UNINITIALIZED_AUTOS = YES_AGGRESSIVE;
				GCC_WARN_UNUSED_FUNCTION = YES;
				GCC_WARN_UNUSED_VARIABLE = YES;
				IPHONEOS_DEPLOYMENT_TARGET = 10.3;
				MTL_ENABLE_DEBUG_INFO = YES;
				ONLY_ACTIVE_ARCH = YES;
				SDKROOT = iphoneos;
				SWIFT_ACTIVE_COMPILATION_CONDITIONS = DEBUG;
				SWIFT_OPTIMIZATION_LEVEL = "-Onone";
				TARGETED_DEVICE_FAMILY = "1,2";
			};
			name = Debug;
		};
		104D85F01F6FEF8A007BB1FE /* Release */ = {
			isa = XCBuildConfiguration;
			buildSettings = {
				ALWAYS_SEARCH_USER_PATHS = NO;
				CLANG_ANALYZER_NONNULL = YES;
				CLANG_ANALYZER_NUMBER_OBJECT_CONVERSION = YES_AGGRESSIVE;
				CLANG_CXX_LANGUAGE_STANDARD = "gnu++0x";
				CLANG_CXX_LIBRARY = "libc++";
				CLANG_ENABLE_MODULES = YES;
				CLANG_ENABLE_OBJC_ARC = YES;
				CLANG_WARN_BOOL_CONVERSION = YES;
				CLANG_WARN_CONSTANT_CONVERSION = YES;
				CLANG_WARN_DIRECT_OBJC_ISA_USAGE = YES_ERROR;
				CLANG_WARN_DOCUMENTATION_COMMENTS = YES;
				CLANG_WARN_EMPTY_BODY = YES;
				CLANG_WARN_ENUM_CONVERSION = YES;
				CLANG_WARN_INFINITE_RECURSION = YES;
				CLANG_WARN_INT_CONVERSION = YES;
				CLANG_WARN_OBJC_ROOT_CLASS = YES_ERROR;
				CLANG_WARN_SUSPICIOUS_MOVE = YES;
				CLANG_WARN_UNREACHABLE_CODE = YES;
				CLANG_WARN__DUPLICATE_METHOD_MATCH = YES;
				"CODE_SIGN_IDENTITY[sdk=iphoneos*]" = "iPhone Developer";
				COPY_PHASE_STRIP = NO;
				DEBUG_INFORMATION_FORMAT = "dwarf-with-dsym";
				ENABLE_NS_ASSERTIONS = NO;
				ENABLE_STRICT_OBJC_MSGSEND = YES;
				GCC_C_LANGUAGE_STANDARD = gnu99;
				GCC_NO_COMMON_BLOCKS = YES;
				GCC_WARN_64_TO_32_BIT_CONVERSION = YES;
				GCC_WARN_ABOUT_RETURN_TYPE = YES_ERROR;
				GCC_WARN_UNDECLARED_SELECTOR = YES;
				GCC_WARN_UNINITIALIZED_AUTOS = YES_AGGRESSIVE;
				GCC_WARN_UNUSED_FUNCTION = YES;
				GCC_WARN_UNUSED_VARIABLE = YES;
				IPHONEOS_DEPLOYMENT_TARGET = 10.3;
				MTL_ENABLE_DEBUG_INFO = NO;
				SDKROOT = iphoneos;
				SWIFT_OPTIMIZATION_LEVEL = "-Owholemodule";
				TARGETED_DEVICE_FAMILY = "1,2";
				VALIDATE_PRODUCT = YES;
			};
			name = Release;
		};
		104D85F21F6FEF8A007BB1FE /* Debug */ = {
			isa = XCBuildConfiguration;
			buildSettings = {
				ASSETCATALOG_COMPILER_APPICON_NAME = AppIcon;
				INFOPLIST_FILE = "Todo-App/Info.plist";
				LD_RUNPATH_SEARCH_PATHS = "$(inherited) @executable_path/Frameworks";
				PRODUCT_BUNDLE_IDENTIFIER = "com.superdev.Todo-App";
				PRODUCT_NAME = "$(TARGET_NAME)";
				SWIFT_VERSION = 3.0;
			};
			name = Debug;
		};
		104D85F31F6FEF8A007BB1FE /* Release */ = {
			isa = XCBuildConfiguration;
			buildSettings = {
				ASSETCATALOG_COMPILER_APPICON_NAME = AppIcon;
				INFOPLIST_FILE = "Todo-App/Info.plist";
				LD_RUNPATH_SEARCH_PATHS = "$(inherited) @executable_path/Frameworks";
				PRODUCT_BUNDLE_IDENTIFIER = "com.superdev.Todo-App";
				PRODUCT_NAME = "$(TARGET_NAME)";
				SWIFT_VERSION = 3.0;
			};
			name = Release;
		};
		104D85F51F6FEF8A007BB1FE /* Debug */ = {
			isa = XCBuildConfiguration;
			buildSettings = {
				ALWAYS_EMBED_SWIFT_STANDARD_LIBRARIES = YES;
				BUNDLE_LOADER = "$(TEST_HOST)";
				INFOPLIST_FILE = "Todo-AppTests/Info.plist";
				LD_RUNPATH_SEARCH_PATHS = "$(inherited) @executable_path/Frameworks @loader_path/Frameworks";
				PRODUCT_BUNDLE_IDENTIFIER = "com.superdev.Todo-AppTests";
				PRODUCT_NAME = "$(TARGET_NAME)";
				SWIFT_VERSION = 3.0;
				TEST_HOST = "$(BUILT_PRODUCTS_DIR)/Todo-App.app/Todo-App";
			};
			name = Debug;
		};
		104D85F61F6FEF8A007BB1FE /* Release */ = {
			isa = XCBuildConfiguration;
			buildSettings = {
				ALWAYS_EMBED_SWIFT_STANDARD_LIBRARIES = YES;
				BUNDLE_LOADER = "$(TEST_HOST)";
				INFOPLIST_FILE = "Todo-AppTests/Info.plist";
				LD_RUNPATH_SEARCH_PATHS = "$(inherited) @executable_path/Frameworks @loader_path/Frameworks";
				PRODUCT_BUNDLE_IDENTIFIER = "com.superdev.Todo-AppTests";
				PRODUCT_NAME = "$(TARGET_NAME)";
				SWIFT_VERSION = 3.0;
				TEST_HOST = "$(BUILT_PRODUCTS_DIR)/Todo-App.app/Todo-App";
			};
			name = Release;
		};
		104D85F81F6FEF8A007BB1FE /* Debug */ = {
			isa = XCBuildConfiguration;
			buildSettings = {
				ALWAYS_EMBED_SWIFT_STANDARD_LIBRARIES = YES;
				INFOPLIST_FILE = "Todo-AppUITests/Info.plist";
				LD_RUNPATH_SEARCH_PATHS = "$(inherited) @executable_path/Frameworks @loader_path/Frameworks";
				PRODUCT_BUNDLE_IDENTIFIER = "com.superdev.Todo-AppUITests";
				PRODUCT_NAME = "$(TARGET_NAME)";
				SWIFT_VERSION = 3.0;
				TEST_TARGET_NAME = "Todo-App";
			};
			name = Debug;
		};
		104D85F91F6FEF8A007BB1FE /* Release */ = {
			isa = XCBuildConfiguration;
			buildSettings = {
				ALWAYS_EMBED_SWIFT_STANDARD_LIBRARIES = YES;
				INFOPLIST_FILE = "Todo-AppUITests/Info.plist";
				LD_RUNPATH_SEARCH_PATHS = "$(inherited) @executable_path/Frameworks @loader_path/Frameworks";
				PRODUCT_BUNDLE_IDENTIFIER = "com.superdev.Todo-AppUITests";
				PRODUCT_NAME = "$(TARGET_NAME)";
				SWIFT_VERSION = 3.0;
				TEST_TARGET_NAME = "Todo-App";
			};
			name = Release;
		};
/* End XCBuildConfiguration section */

/* Begin XCConfigurationList section */
		104D85C41F6FEF88007BB1FE /* Build configuration list for PBXProject "Todo-App" */ = {
			isa = XCConfigurationList;
			buildConfigurations = (
				104D85EF1F6FEF8A007BB1FE /* Debug */,
				104D85F01F6FEF8A007BB1FE /* Release */,
			);
			defaultConfigurationIsVisible = 0;
			defaultConfigurationName = Release;
		};
		104D85F11F6FEF8A007BB1FE /* Build configuration list for PBXNativeTarget "Todo-App" */ = {
			isa = XCConfigurationList;
			buildConfigurations = (
				104D85F21F6FEF8A007BB1FE /* Debug */,
				104D85F31F6FEF8A007BB1FE /* Release */,
			);
			defaultConfigurationIsVisible = 0;
		};
		104D85F41F6FEF8A007BB1FE /* Build configuration list for PBXNativeTarget "Todo-AppTests" */ = {
			isa = XCConfigurationList;
			buildConfigurations = (
				104D85F51F6FEF8A007BB1FE /* Debug */,
				104D85F61F6FEF8A007BB1FE /* Release */,
			);
			defaultConfigurationIsVisible = 0;
		};
		104D85F71F6FEF8A007BB1FE /* Build configuration list for PBXNativeTarget "Todo-AppUITests" */ = {
			isa = XCConfigurationList;
			buildConfigurations = (
				104D85F81F6FEF8A007BB1FE /* Debug */,
				104D85F91F6FEF8A007BB1FE /* Release */,
			);
			defaultConfigurationIsVisible = 0;
		};
/* End XCConfigurationList section */
	};
	rootObject = 104D85C11F6FEF88007BB1FE /* Project object */;
}
